PODS:
  - Capacitor (8.4.2):
    - CapacitorCordova
  - CapacitorCordova (8.4.2)
  - CapacitorPreferences (8.0.1):
    - Capacitor

DEPENDENCIES:
  - "Capacitor (from `../../node_modules/@capacitor/ios`)"
  - "CapacitorCordova (from `../../node_modules/@capacitor/ios`)"
  - "CapacitorPreferences (from `../../node_modules/@capacitor/preferences`)"

EXTERNAL SOURCES:
  Capacitor:
    :path: "../../node_modules/@capacitor/ios"
  CapacitorCordova:
    :path: "../../node_modules/@capacitor/ios"
  CapacitorPreferences:
    :path: "../../node_modules/@capacitor/preferences"

SPEC CHECKSUMS:
  Capacitor: 52f999235b8bd6a7d01694753f4f4d54d182e3a3
  CapacitorCordova: 345eacdc4c8282415446aea4acd8c77d82480bd4
  CapacitorPreferences: cca2021f386efb75947c850334447d9ff22b14f1

PODFILE CHECKSUM: f5867f722eda93f598c5e6eb26d396df932acf66

COCOAPODS: 1.16.2
