PODS:
  - Capacitor (8.4.2):
    - CapacitorCordova
  - CapacitorCordova (8.4.2)
  - CapacitorPreferences (8.0.1):
    - Capacitor
  - PurchasesHybridCommon (18.21.0):
    - RevenueCat (= 5.80.3)
  - RevenueCat (5.80.3)
  - RevenuecatPurchasesCapacitor (13.2.3):
    - Capacitor
    - PurchasesHybridCommon (= 18.21.0)

DEPENDENCIES:
  - "Capacitor (from `../../node_modules/@capacitor/ios`)"
  - "CapacitorCordova (from `../../node_modules/@capacitor/ios`)"
  - "CapacitorPreferences (from `../../node_modules/@capacitor/preferences`)"
  - "RevenuecatPurchasesCapacitor (from `../../node_modules/@revenuecat/purchases-capacitor`)"

SPEC REPOS:
  trunk:
    - PurchasesHybridCommon
    - RevenueCat

EXTERNAL SOURCES:
  Capacitor:
    :path: "../../node_modules/@capacitor/ios"
  CapacitorCordova:
    :path: "../../node_modules/@capacitor/ios"
  CapacitorPreferences:
    :path: "../../node_modules/@capacitor/preferences"
  RevenuecatPurchasesCapacitor:
    :path: "../../node_modules/@revenuecat/purchases-capacitor"

SPEC CHECKSUMS:
  Capacitor: 52f999235b8bd6a7d01694753f4f4d54d182e3a3
  CapacitorCordova: 345eacdc4c8282415446aea4acd8c77d82480bd4
  CapacitorPreferences: cca2021f386efb75947c850334447d9ff22b14f1
  PurchasesHybridCommon: 097af88db3cb39b415bef2f3140e6b3324899756
  RevenueCat: 72d1e14966339bf38c41d9b2841ef64c8fd79646
  RevenuecatPurchasesCapacitor: 691a18ebcfed0100a041e4cba91ba9ae8787b1a7

PODFILE CHECKSUM: d938505f35c90c905d42c8e2c4181671b4d42b0f

COCOAPODS: 1.16.2
